// !$*UTF8*$!
{
	archiveVersion = 1;
	classes = {
	};
	objectVersion = 56;
	objects = {

/* Begin PBXBuildFile section */
		58413D392CC5232800D2ADF1 /* JournalAppApp.swift in Sources */ = {isa = PBXBuildFile; fileRef = 58413D382CC5232800D2ADF1 /* JournalAppApp.swift */; };
		58413D3B2CC5232800D2ADF1 /* ContentView.swift in Sources */ = {isa = PBXBuildFile; fileRef = 58413D3A2CC5232800D2ADF1 /* ContentView.swift */; };
		58413D3D2CC5233200D2ADF1 /* Assets.xcassets in Resources */ = {isa = PBXBuildFile; fileRef = 58413D3C2CC5233200D2ADF1 /* Assets.xcassets */; };
		58413D402CC5233200D2ADF1 /* Preview Assets.xcassets in Resources */ = {isa = PBXBuildFile; fileRef = 58413D3F2CC5233200D2ADF1 /* Preview Assets.xcassets */; };
		58413D4A2CC5233200D2ADF1 /* JournalAppTests.swift in Sources */ = {isa = PBXBuildFile; fileRef = 58413D492CC5233200D2ADF1 /* JournalAppTests.swift */; };
		58413D542CC5233200D2ADF1 /* JournalAppUITests.swift in Sources */ = {isa = PBXBuildFile; fileRef = 58413D532CC5233200D2ADF1 /* JournalAppUITests.swift */; };
		58413D562CC5233200D2ADF1 /* JournalAppUITestsLaunchTests.swift in Sources */ = {isa = PBXBuildFile; fileRef = 58413D552CC5233200D2ADF1 /* JournalAppUITestsLaunchTests.swift */; };
		58413D632CC533FF00D2ADF1 /* SplashScreen.swift in Sources */ = {isa = PBXBuildFile; fileRef = 58413D622CC533FF00D2ADF1 /* SplashScreen.swift */; };
		58413D652CC5406800D2ADF1 /* EmptyState.swift in Sources */ = {isa = PBXBuildFile; fileRef = 58413D642CC5406800D2ADF1 /* EmptyState.swift */; };
		58413D692CC6964000D2ADF1 /* MainPage.swift in Sources */ = {isa = PBXBuildFile; fileRef = 58413D682CC6964000D2ADF1 /* MainPage.swift */; };
		58413D6B2CC9187700D2ADF1 /* NewJournal.swift in Sources */ = {isa = PBXBuildFile; fileRef = 58413D6A2CC9187700D2ADF1 /* NewJournal.swift */; };
		587972AA2CCCEE8700D6303B /* EditJournal.swift in Sources */ = {isa = PBXBuildFile; fileRef = 587972A92CCCEE8700D6303B /* EditJournal.swift */; };
		587972AC2CCCEEAB00D6303B /* JournalEntryView.swift in Sources */ = {isa = PBXBuildFile; fileRef = 587972AB2CCCEEAB00D6303B /* JournalEntryView.swift */; };
		587972AE2CCCEEEA00D6303B /* JournalEntry.swift in Sources */ = {isa = PBXBuildFile; fileRef = 587972AD2CCCEEEA00D6303B /* JournalEntry.swift */; };
		58C37B242CCD3E12006CE8C5 /* BookmarkManager.swift in Sources */ = {isa = PBXBuildFile; fileRef = 58C37B232CCD3E12006CE8C5 /* BookmarkManager.swift */; };
/* End PBXBuildFile section */

/* Begin PBXContainerItemProxy section */
		58413D462CC5233200D2ADF1 /* PBXContainerItemProxy */ = {
			isa = PBXContainerItemProxy;
			containerPortal = 58413D2D2CC5232800D2ADF1 /* Project object */;
			proxyType = 1;
			remoteGlobalIDString = 58413D342CC5232800D2ADF1;
			remoteInfo = JournalApp;
		};
		58413D502CC5233200D2ADF1 /* PBXContainerItemProxy */ = {
			isa = PBXContainerItemProxy;
			containerPortal = 58413D2D2CC5232800D2ADF1 /* Project object */;
			proxyType = 1;
			remoteGlobalIDString = 58413D342CC5232800D2ADF1;
			remoteInfo = JournalApp;
		};
/* End PBXContainerItemProxy section */

/* Begin PBXFileReference section */
		58413D352CC5232800D2ADF1 /* JournalApp.app */ = {isa = PBXFileReference; explicitFileType = wrapper.application; includeInIndex = 0; path = JournalApp.app; sourceTree = BUILT_PRODUCTS_DIR; };
		58413D382CC5232800D2ADF1 /* JournalAppApp.swift */ = {isa = PBXFileReference; lastKnownFileType = sourcecode.swift; path = JournalAppApp.swift; sourceTree = "<group>"; };
		58413D3A2CC5232800D2ADF1 /* ContentView.swift */ = {isa = PBXFileReference; lastKnownFileType = sourcecode.swift; path = ContentView.swift; sourceTree = "<group>"; };
		58413D3C2CC5233200D2ADF1 /* Assets.xcassets */ = {isa = PBXFileReference; lastKnownFileType = folder.assetcatalog; path = Assets.xcassets; sourceTree = "<group>"; };
		58413D3F2CC5233200D2ADF1 /* Preview Assets.xcassets */ = {isa = PBXFileReference; lastKnownFileType = folder.assetcatalog; path = "Preview Assets.xcassets"; sourceTree = "<group>"; };
		58413D452CC5233200D2ADF1 /* JournalAppTests.xctest */ = {isa = PBXFileReference; explicitFileType = wrapper.cfbundle; includeInIndex = 0; path = JournalAppTests.xctest; sourceTree = BUILT_PRODUCTS_DIR; };
		58413D492CC5233200D2ADF1 /* JournalAppTests.swift */ = {isa = PBXFileReference; lastKnownFileType = sourcecode.swift; path = JournalAppTests.swift; sourceTree = "<group>"; };
		58413D4F2CC5233200D2ADF1 /* JournalAppUITests.xctest */ = {isa = PBXFileReference; explicitFileType = wrapper.cfbundle; includeInIndex = 0; path = JournalAppUITests.xctest; sourceTree = BUILT_PRODUCTS_DIR; };
		58413D532CC5233200D2ADF1 /* JournalAppUITests.swift */ = {isa = PBXFileReference; lastKnownFileType = sourcecode.swift; path = JournalAppUITests.swift; sourceTree = "<group>"; };
		58413D552CC5233200D2ADF1 /* JournalAppUITestsLaunchTests.swift */ = {isa = PBXFileReference; lastKnownFileType = sourcecode.swift; path = JournalAppUITestsLaunchTests.swift; sourceTree = "<group>"; };
		58413D622CC533FF00D2ADF1 /* SplashScreen.swift */ = {isa = PBXFileReference; lastKnownFileType = sourcecode.swift; path = SplashScreen.swift; sourceTree = "<group>"; };
		58413D642CC5406800D2ADF1 /* EmptyState.swift */ = {isa = PBXFileReference; lastKnownFileType = sourcecode.swift; path = EmptyState.swift; sourceTree = "<group>"; };
		58413D682CC6964000D2ADF1 /* MainPage.swift */ = {isa = PBXFileReference; lastKnownFileType = sourcecode.swift; path = MainPage.swift; sourceTree = "<group>"; };
		58413D6A2CC9187700D2ADF1 /* NewJournal.swift */ = {isa = PBXFileReference; lastKnownFileType = sourcecode.swift; path = NewJournal.swift; sourceTree = "<group>"; };
		587972A92CCCEE8700D6303B /* EditJournal.swift */ = {isa = PBXFileReference; lastKnownFileType = sourcecode.swift; path = EditJournal.swift; sourceTree = "<group>"; };
		587972AB2CCCEEAB00D6303B /* JournalEntryView.swift */ = {isa = PBXFileReference; lastKnownFileType = sourcecode.swift; path = JournalEntryView.swift; sourceTree = "<group>"; };
		587972AD2CCCEEEA00D6303B /* JournalEntry.swift */ = {isa = PBXFileReference; lastKnownFileType = sourcecode.swift; path = JournalEntry.swift; sourceTree = "<group>"; };
		58C37B232CCD3E12006CE8C5 /* BookmarkManager.swift */ = {isa = PBXFileReference; lastKnownFileType = sourcecode.swift; path = BookmarkManager.swift; sourceTree = "<group>"; };
/* End PBXFileReference section */

/* Begin PBXFrameworksBuildPhase section */
		58413D322CC5232800D2ADF1 /* Frameworks */ = {
			isa = PBXFrameworksBuildPhase;
			buildActionMask = 2147483647;
			files = (
			);
			runOnlyForDeploymentPostprocessing = 0;
		};
		58413D422CC5233200D2ADF1 /* Frameworks */ = {
			isa = PBXFrameworksBuildPhase;
			buildActionMask = 2147483647;
			files = (
			);
			runOnlyForDeploymentPostprocessing = 0;
		};
		58413D4C2CC5233200D2ADF1 /* Frameworks */ = {
			isa = PBXFrameworksBuildPhase;
			buildActionMask = 2147483647;
			files = (
			);
			runOnlyForDeploymentPostprocessing = 0;
		};
/* End PBXFrameworksBuildPhase section */

/* Begin PBXGroup section */
		58413D2C2CC5232800D2ADF1 = {
			isa = PBXGroup;
			children = (
				58413D372CC5232800D2ADF1 /* JournalApp */,
				58413D482CC5233200D2ADF1 /* JournalAppTests */,
				58413D522CC5233200D2ADF1 /* JournalAppUITests */,
				58413D362CC5232800D2ADF1 /* Products */,
			);
			sourceTree = "<group>";
		};
		58413D362CC5232800D2ADF1 /* Products */ = {
			isa = PBXGroup;
			children = (
				58413D352CC5232800D2ADF1 /* JournalApp.app */,
				58413D452CC5233200D2ADF1 /* JournalAppTests.xctest */,
				58413D4F2CC5233200D2ADF1 /* JournalAppUITests.xctest */,
			);
			name = Products;
			sourceTree = "<group>";
		};
		58413D372CC5232800D2ADF1 /* JournalApp */ = {
			isa = PBXGroup;
			children = (
				58413D382CC5232800D2ADF1 /* JournalAppApp.swift */,
				58413D3A2CC5232800D2ADF1 /* ContentView.swift */,
				58413D622CC533FF00D2ADF1 /* SplashScreen.swift */,
				58413D642CC5406800D2ADF1 /* EmptyState.swift */,
				58413D682CC6964000D2ADF1 /* MainPage.swift */,
				587972A92CCCEE8700D6303B /* EditJournal.swift */,
				587972AB2CCCEEAB00D6303B /* JournalEntryView.swift */,
				58C37B232CCD3E12006CE8C5 /* BookmarkManager.swift */,
				58413D6A2CC9187700D2ADF1 /* NewJournal.swift */,
				587972AD2CCCEEEA00D6303B /* JournalEntry.swift */,
				58413D3C2CC5233200D2ADF1 /* Assets.xcassets */,
				58413D3E2CC5233200D2ADF1 /* Preview Content */,
			);
			path = JournalApp;
			sourceTree = "<group>";
		};
		58413D3E2CC5233200D2ADF1 /* Preview Content */ = {
			isa = PBXGroup;
			children = (
				58413D3F2CC5233200D2ADF1 /* Preview Assets.xcassets */,
			);
			path = "Preview Content";
			sourceTree = "<group>";
		};
		58413D482CC5233200D2ADF1 /* JournalAppTests */ = {
			isa = PBXGroup;
			children = (
				58413D492CC5233200D2ADF1 /* JournalAppTests.swift */,
			);
			path = JournalAppTests;
			sourceTree = "<group>";
		};
		58413D522CC5233200D2ADF1 /* JournalAppUITests */ = {
			isa = PBXGroup;
			children = (
				58413D532CC5233200D2ADF1 /* JournalAppUITests.swift */,
				58413D552CC5233200D2ADF1 /* JournalAppUITestsLaunchTests.swift */,
			);
			path = JournalAppUITests;
			sourceTree = "<group>";
		};
/* End PBXGroup section */

/* Begin PBXNativeTarget section */
		58413D342CC5232800D2ADF1 /* JournalApp */ = {
			isa = PBXNativeTarget;
			buildConfigurationList = 58413D592CC5233200D2ADF1 /* Build configuration list for PBXNativeTarget "JournalApp" */;
			buildPhases = (
				58413D312CC5232800D2ADF1 /* Sources */,
				58413D322CC5232800D2ADF1 /* Frameworks */,
				58413D332CC5232800D2ADF1 /* Resources */,
			);
			buildRules = (
			);
			dependencies = (
			);
			name = JournalApp;
			productName = JournalApp;
			productReference = 58413D352CC5232800D2ADF1 /* JournalApp.app */;
			productType = "com.apple.product-type.application";
		};
		58413D442CC5233200D2ADF1 /* JournalAppTests */ = {
			isa = PBXNativeTarget;
			buildConfigurationList = 58413D5C2CC5233200D2ADF1 /* Build configuration list for PBXNativeTarget "JournalAppTests" */;
			buildPhases = (
				58413D412CC5233200D2ADF1 /* Sources */,
				58413D422CC5233200D2ADF1 /* Frameworks */,
				58413D432CC5233200D2ADF1 /* Resources */,
			);
			buildRules = (
			);
			dependencies = (
				58413D472CC5233200D2ADF1 /* PBXTargetDependency */,
			);
			name = JournalAppTests;
			productName = JournalAppTests;
			productReference = 58413D452CC5233200D2ADF1 /* JournalAppTests.xctest */;
			productType = "com.apple.product-type.bundle.unit-test";
		};
		58413D4E2CC5233200D2ADF1 /* JournalAppUITests */ = {
			isa = PBXNativeTarget;
			buildConfigurationList = 58413D5F2CC5233200D2ADF1 /* Build configuration list for PBXNativeTarget "JournalAppUITests" */;
			buildPhases = (
				58413D4B2CC5233200D2ADF1 /* Sources */,
				58413D4C2CC5233200D2ADF1 /* Frameworks */,
				58413D4D2CC5233200D2ADF1 /* Resources */,
			);
			buildRules = (
			);
			dependencies = (
				58413D512CC5233200D2ADF1 /* PBXTargetDependency */,
			);
			name = JournalAppUITests;
			productName = JournalAppUITests;
			productReference = 58413D4F2CC5233200D2ADF1 /* JournalAppUITests.xctest */;
			productType = "com.apple.product-type.bundle.ui-testing";
		};
/* End PBXNativeTarget section */

/* Begin PBXProject section */
		58413D2D2CC5232800D2ADF1 /* Project object */ = {
			isa = PBXProject;
			attributes = {
				BuildIndependentTargetsInParallel = 1;
				LastSwiftUpdateCheck = 1540;
				LastUpgradeCheck = 1540;
				TargetAttributes = {
					58413D342CC5232800D2ADF1 = {
						CreatedOnToolsVersion = 15.4;
					};
					58413D442CC5233200D2ADF1 = {
						CreatedOnToolsVersion = 15.4;
						TestTargetID = 58413D342CC5232800D2ADF1;
					};
					58413D4E2CC5233200D2ADF1 = {
						CreatedOnToolsVersion = 15.4;
						TestTargetID = 58413D342CC5232800D2ADF1;
					};
				};
			};
			buildConfigurationList = 58413D302CC5232800D2ADF1 /* Build configuration list for PBXProject "JournalApp" */;
			compatibilityVersion = "Xcode 14.0";
			developmentRegion = en;
			hasScannedForEncodings = 0;
			knownRegions = (
				en,
				Base,
			);
			mainGroup = 58413D2C2CC5232800D2ADF1;
			productRefGroup = 58413D362CC5232800D2ADF1 /* Products */;
			projectDirPath = "";
			projectRoot = "";
			targets = (
				58413D342CC5232800D2ADF1 /* JournalApp */,
				58413D442CC5233200D2ADF1 /* JournalAppTests */,
				58413D4E2CC5233200D2ADF1 /* JournalAppUITests */,
			);
		};
/* End PBXProject section */

/* Begin PBXResourcesBuildPhase section */
		58413D332CC5232800D2ADF1 /* Resources */ = {
			isa = PBXResourcesBuildPhase;
			buildActionMask = 2147483647;
			files = (
				58413D402CC5233200D2ADF1 /* Preview Assets.xcassets in Resources */,
				58413D3D2CC5233200D2ADF1 /* Assets.xcassets in Resources */,
			);
			runOnlyForDeploymentPostprocessing = 0;
		};
		58413D432CC5233200D2ADF1 /* Resources */ = {
			isa = PBXResourcesBuildPhase;
			buildActionMask = 2147483647;
			files = (
			);
			runOnlyForDeploymentPostprocessing = 0;
		};
		58413D4D2CC5233200D2ADF1 /* Resources */ = {
			isa = PBXResourcesBuildPhase;
			buildActionMask = 2147483647;
			files = (
			);
			runOnlyForDeploymentPostprocessing = 0;
		};
/* End PBXResourcesBuildPhase section */

/* Begin PBXSourcesBuildPhase section */
		58413D312CC5232800D2ADF1 /* Sources */ = {
			isa = PBXSourcesBuildPhase;
			buildActionMask = 2147483647;
			files = (
				58413D692CC6964000D2ADF1 /* MainPage.swift in Sources */,
				587972AC2CCCEEAB00D6303B /* JournalEntryView.swift in Sources */,
				58413D632CC533FF00D2ADF1 /* SplashScreen.swift in Sources */,
				58413D6B2CC9187700D2ADF1 /* NewJournal.swift in Sources */,
				58413D3B2CC5232800D2ADF1 /* ContentView.swift in Sources */,
				58413D392CC5232800D2ADF1 /* JournalAppApp.swift in Sources */,
				587972AE2CCCEEEA00D6303B /* JournalEntry.swift in Sources */,
				58C37B242CCD3E12006CE8C5 /* BookmarkManager.swift in Sources */,
				58413D652CC5406800D2ADF1 /* EmptyState.swift in Sources */,
				587972AA2CCCEE8700D6303B /* EditJournal.swift in Sources */,
			);
			runOnlyForDeploymentPostprocessing = 0;
		};
		58413D412CC5233200D2ADF1 /* Sources */ = {
			isa = PBXSourcesBuildPhase;
			buildActionMask = 2147483647;
			files = (
				58413D4A2CC5233200D2ADF1 /* JournalAppTests.swift in Sources */,
			);
			runOnlyForDeploymentPostprocessing = 0;
		};
		58413D4B2CC5233200D2ADF1 /* Sources */ = {
			isa = PBXSourcesBuildPhase;
			buildActionMask = 2147483647;
			files = (
				58413D562CC5233200D2ADF1 /* JournalAppUITestsLaunchTests.swift in Sources */,
				58413D542CC5233200D2ADF1 /* JournalAppUITests.swift in Sources */,
			);
			runOnlyForDeploymentPostprocessing = 0;
		};
/* End PBXSourcesBuildPhase section */

/* Begin PBXTargetDependency section */
		58413D472CC5233200D2ADF1 /* PBXTargetDependency */ = {
			isa = PBXTargetDependency;
			target = 58413D342CC5232800D2ADF1 /* JournalApp */;
			targetProxy = 58413D462CC5233200D2ADF1 /* PBXContainerItemProxy */;
		};
		58413D512CC5233200D2ADF1 /* PBXTargetDependency */ = {
			isa = PBXTargetDependency;
			target = 58413D342CC5232800D2ADF1 /* JournalApp */;
			targetProxy = 58413D502CC5233200D2ADF1 /* PBXContainerItemProxy */;
		};
/* End PBXTargetDependency section */

/* Begin XCBuildConfiguration section */
		58413D572CC5233200D2ADF1 /* Debug */ = {
			isa = XCBuildConfiguration;
			buildSettings = {
				ALWAYS_SEARCH_USER_PATHS = NO;
				ASSETCATALOG_COMPILER_GENERATE_SWIFT_ASSET_SYMBOL_EXTENSIONS = YES;
				CLANG_ANALYZER_NONNULL = YES;
				CLANG_ANALYZER_NUMBER_OBJECT_CONVERSION = YES_AGGRESSIVE;
				CLANG_CXX_LANGUAGE_STANDARD = "gnu++20";
				CLANG_ENABLE_MODULES = YES;
				CLANG_ENABLE_OBJC_ARC = YES;
				CLANG_ENABLE_OBJC_WEAK = YES;
				CLANG_WARN_BLOCK_CAPTURE_AUTORELEASING = YES;
				CLANG_WARN_BOOL_CONVERSION = YES;
				CLANG_WARN_COMMA = YES;
				CLANG_WARN_CONSTANT_CONVERSION = YES;
				CLANG_WARN_DEPRECATED_OBJC_IMPLEMENTATIONS = YES;
				CLANG_WARN_DIRECT_OBJC_ISA_USAGE = YES_ERROR;
				CLANG_WARN_DOCUMENTATION_COMMENTS = YES;
				CLANG_WARN_EMPTY_BODY = YES;
				CLANG_WARN_ENUM_CONVERSION = YES;
				CLANG_WARN_INFINITE_RECURSION = YES;
				CLANG_WARN_INT_CONVERSION = YES;
				CLANG_WARN_NON_LITERAL_NULL_CONVERSION = YES;
				CLANG_WARN_OBJC_IMPLICIT_RETAIN_SELF = YES;
				CLANG_WARN_OBJC_LITERAL_CONVERSION = YES;
				CLANG_WARN_OBJC_ROOT_CLASS = YES_ERROR;
				CLANG_WARN_QUOTED_INCLUDE_IN_FRAMEWORK_HEADER = YES;
				CLANG_WARN_RANGE_LOOP_ANALYSIS = YES;
				CLANG_WARN_STRICT_PROTOTYPES = YES;
				CLANG_WARN_SUSPICIOUS_MOVE = YES;
				CLANG_WARN_UNGUARDED_AVAILABILITY = YES_AGGRESSIVE;
				CLANG_WARN_UNREACHABLE_CODE = YES;
				CLANG_WARN__DUPLICATE_METHOD_MATCH = YES;
				COPY_PHASE_STRIP = NO;
				DEBUG_INFORMATION_FORMAT = dwarf;
				ENABLE_STRICT_OBJC_MSGSEND = YES;
				ENABLE_TESTABILITY = YES;
				ENABLE_USER_SCRIPT_SANDBOXING = YES;
				GCC_C_LANGUAGE_STANDARD = gnu17;
				GCC_DYNAMIC_NO_PIC = NO;
				GCC_NO_COMMON_BLOCKS = YES;
				GCC_OPTIMIZATION_LEVEL = 0;
				GCC_PREPROCESSOR_DEFINITIONS = (
					"DEBUG=1",
					"$(inherited)",
				);
				GCC_WARN_64_TO_32_BIT_CONVERSION = YES;
				GCC_WARN_ABOUT_RETURN_TYPE = YES_ERROR;
				GCC_WARN_UNDECLARED_SELECTOR = YES;
				GCC_WARN_UNINITIALIZED_AUTOS = YES_AGGRESSIVE;
				GCC_WARN_UNUSED_FUNCTION = YES;
				GCC_WARN_UNUSED_VARIABLE = YES;
				IPHONEOS_DEPLOYMENT_TARGET = 17.5;
				LOCALIZATION_PREFERS_STRING_CATALOGS = YES;
				MTL_ENABLE_DEBUG_INFO = INCLUDE_SOURCE;
				MTL_FAST_MATH = YES;
				ONLY_ACTIVE_ARCH = YES;
				SDKROOT = iphoneos;
				SWIFT_ACTIVE_COMPILATION_CONDITIONS = "DEBUG $(inherited)";
				SWIFT_OPTIMIZATION_LEVEL = "-Onone";
			};
			name = Debug;
		};
		58413D582CC5233200D2ADF1 /* Release */ = {
			isa = XCBuildConfiguration;
			buildSettings = {
				ALWAYS_SEARCH_USER_PATHS = NO;
				ASSETCATALOG_COMPILER_GENERATE_SWIFT_ASSET_SYMBOL_EXTENSIONS = YES;
				CLANG_ANALYZER_NONNULL = YES;
				CLANG_ANALYZER_NUMBER_OBJECT_CONVERSION = YES_AGGRESSIVE;
				CLANG_CXX_LANGUAGE_STANDARD = "gnu++20";
				CLANG_ENABLE_MODULES = YES;
				CLANG_ENABLE_OBJC_ARC = YES;
				CLANG_ENABLE_OBJC_WEAK = YES;
				CLANG_WARN_BLOCK_CAPTURE_AUTORELEASING = YES;
				CLANG_WARN_BOOL_CONVERSION = YES;
				CLANG_WARN_COMMA = YES;
				CLANG_WARN_CONSTANT_CONVERSION = YES;
				CLANG_WARN_DEPRECATED_OBJC_IMPLEMENTATIONS = YES;
				CLANG_WARN_DIRECT_OBJC_ISA_USAGE = YES_ERROR;
				CLANG_WARN_DOCUMENTATION_COMMENTS = YES;
				CLANG_WARN_EMPTY_BODY = YES;
				CLANG_WARN_ENUM_CONVERSION = YES;
				CLANG_WARN_INFINITE_RECURSION = YES;
				CLANG_WARN_INT_CONVERSION = YES;
				CLANG_WARN_NON_LITERAL_NULL_CONVERSION = YES;
				CLANG_WARN_OBJC_IMPLICIT_RETAIN_SELF = YES;
				CLANG_WARN_OBJC_LITERAL_CONVERSION = YES;
				CLANG_WARN_OBJC_ROOT_CLASS = YES_ERROR;
				CLANG_WARN_QUOTED_INCLUDE_IN_FRAMEWORK_HEADER = YES;
				CLANG_WARN_RANGE_LOOP_ANALYSIS = YES;
				CLANG_WARN_STRICT_PROTOTYPES = YES;
				CLANG_WARN_SUSPICIOUS_MOVE = YES;
				CLANG_WARN_UNGUARDED_AVAILABILITY = YES_AGGRESSIVE;
				CLANG_WARN_UNREACHABLE_CODE = YES;
				CLANG_WARN__DUPLICATE_METHOD_MATCH = YES;
				COPY_PHASE_STRIP = NO;
				DEBUG_INFORMATION_FORMAT = "dwarf-with-dsym";
				ENABLE_NS_ASSERTIONS = NO;
				ENABLE_STRICT_OBJC_MSGSEND = YES;
				ENABLE_USER_SCRIPT_SANDBOXING = YES;
				GCC_C_LANGUAGE_STANDARD = gnu17;
				GCC_NO_COMMON_BLOCKS = YES;
				GCC_WARN_64_TO_32_BIT_CONVERSION = YES;
				GCC_WARN_ABOUT_RETURN_TYPE = YES_ERROR;
				GCC_WARN_UNDECLARED_SELECTOR = YES;
				GCC_WARN_UNINITIALIZED_AUTOS = YES_AGGRESSIVE;
				GCC_WARN_UNUSED_FUNCTION = YES;
				GCC_WARN_UNUSED_VARIABLE = YES;
				IPHONEOS_DEPLOYMENT_TARGET = 17.5;
				LOCALIZATION_PREFERS_STRING_CATALOGS = YES;
				MTL_ENABLE_DEBUG_INFO = NO;
				MTL_FAST_MATH = YES;
				SDKROOT = iphoneos;
				SWIFT_COMPILATION_MODE = wholemodule;
				VALIDATE_PRODUCT = YES;
			};
			name = Release;
		};
		58413D5A2CC5233200D2ADF1 /* Debug */ = {
			isa = XCBuildConfiguration;
			buildSettings = {
				ASSETCATALOG_COMPILER_APPICON_NAME = AppIcon;
				ASSETCATALOG_COMPILER_GLOBAL_ACCENT_COLOR_NAME = AccentColor;
				CODE_SIGN_STYLE = Automatic;
				CURRENT_PROJECT_VERSION = 1;
				DEVELOPMENT_ASSET_PATHS = "\"JournalApp/Preview Content\"";
				DEVELOPMENT_TEAM = 43V47T9597;
				ENABLE_PREVIEWS = YES;
				GENERATE_INFOPLIST_FILE = YES;
				INFOPLIST_KEY_UIApplicationSceneManifest_Generation = YES;
				INFOPLIST_KEY_UIApplicationSupportsIndirectInputEvents = YES;
				INFOPLIST_KEY_UILaunchScreen_Generation = YES;
				INFOPLIST_KEY_UISupportedInterfaceOrientations_iPad = "UIInterfaceOrientationPortrait UIInterfaceOrientationPortraitUpsideDown UIInterfaceOrientationLandscapeLeft UIInterfaceOrientationLandscapeRight";
				INFOPLIST_KEY_UISupportedInterfaceOrientations_iPhone = "UIInterfaceOrientationPortrait UIInterfaceOrientationLandscapeLeft UIInterfaceOrientationLandscapeRight";
				LD_RUNPATH_SEARCH_PATHS = (
					"$(inherited)",
					"@executable_path/Frameworks",
				);
				MARKETING_VERSION = 1.0;
				PRODUCT_BUNDLE_IDENTIFIER = smayah.JournalApp;
				PRODUCT_NAME = "$(TARGET_NAME)";
				SWIFT_EMIT_LOC_STRINGS = YES;
				SWIFT_VERSION = 5.0;
				TARGETED_DEVICE_FAMILY = "1,2";
			};
			name = Debug;
		};
		58413D5B2CC5233200D2ADF1 /* Release */ = {
			isa = XCBuildConfiguration;
			buildSettings = {
				ASSETCATALOG_COMPILER_APPICON_NAME = AppIcon;
				ASSETCATALOG_COMPILER_GLOBAL_ACCENT_COLOR_NAME = AccentColor;
				CODE_SIGN_STYLE = Automatic;
				CURRENT_PROJECT_VERSION = 1;
				DEVELOPMENT_ASSET_PATHS = "\"JournalApp/Preview Content\"";
				DEVELOPMENT_TEAM = 43V47T9597;
				ENABLE_PREVIEWS = YES;
				GENERATE_INFOPLIST_FILE = YES;
				INFOPLIST_KEY_UIApplicationSceneManifest_Generation = YES;
				INFOPLIST_KEY_UIApplicationSupportsIndirectInputEvents = YES;
				INFOPLIST_KEY_UILaunchScreen_Generation = YES;
				INFOPLIST_KEY_UISupportedInterfaceOrientations_iPad = "UIInterfaceOrientationPortrait UIInterfaceOrientationPortraitUpsideDown UIInterfaceOrientationLandscapeLeft UIInterfaceOrientationLandscapeRight";
				INFOPLIST_KEY_UISupportedInterfaceOrientations_iPhone = "UIInterfaceOrientationPortrait UIInterfaceOrientationLandscapeLeft UIInterfaceOrientationLandscapeRight";
				LD_RUNPATH_SEARCH_PATHS = (
					"$(inherited)",
					"@executable_path/Frameworks",
				);
				MARKETING_VERSION = 1.0;
				PRODUCT_BUNDLE_IDENTIFIER = smayah.JournalApp;
				PRODUCT_NAME = "$(TARGET_NAME)";
				SWIFT_EMIT_LOC_STRINGS = YES;
				SWIFT_VERSION = 5.0;
				TARGETED_DEVICE_FAMILY = "1,2";
			};
			name = Release;
		};
		58413D5D2CC5233200D2ADF1 /* Debug */ = {
			isa = XCBuildConfiguration;
			buildSettings = {
				ALWAYS_EMBED_SWIFT_STANDARD_LIBRARIES = YES;
				BUNDLE_LOADER = "$(TEST_HOST)";
				"CODE_SIGN_IDENTITY[sdk=macosx*]" = "Apple Development";
				CODE_SIGN_STYLE = Automatic;
				CURRENT_PROJECT_VERSION = 1;
				GENERATE_INFOPLIST_FILE = YES;
				IPHONEOS_DEPLOYMENT_TARGET = 17.5;
				MARKETING_VERSION = 1.0;
				PRODUCT_BUNDLE_IDENTIFIER = smayah.JournalAppTests;
				PRODUCT_NAME = "$(TARGET_NAME)";
				SWIFT_EMIT_LOC_STRINGS = NO;
				SWIFT_VERSION = 5.0;
				TARGETED_DEVICE_FAMILY = "1,2";
				TEST_HOST = "$(BUILT_PRODUCTS_DIR)/JournalApp.app/$(BUNDLE_EXECUTABLE_FOLDER_PATH)/JournalApp";
			};
			name = Debug;
		};
		58413D5E2CC5233200D2ADF1 /* Release */ = {
			isa = XCBuildConfiguration;
			buildSettings = {
				ALWAYS_EMBED_SWIFT_STANDARD_LIBRARIES = YES;
				BUNDLE_LOADER = "$(TEST_HOST)";
				"CODE_SIGN_IDENTITY[sdk=macosx*]" = "Apple Development";
				CODE_SIGN_STYLE = Automatic;
				CURRENT_PROJECT_VERSION = 1;
				GENERATE_INFOPLIST_FILE = YES;
				IPHONEOS_DEPLOYMENT_TARGET = 17.5;
				MARKETING_VERSION = 1.0;
				PRODUCT_BUNDLE_IDENTIFIER = smayah.JournalAppTests;
				PRODUCT_NAME = "$(TARGET_NAME)";
				SWIFT_EMIT_LOC_STRINGS = NO;
				SWIFT_VERSION = 5.0;
				TARGETED_DEVICE_FAMILY = "1,2";
				TEST_HOST = "$(BUILT_PRODUCTS_DIR)/JournalApp.app/$(BUNDLE_EXECUTABLE_FOLDER_PATH)/JournalApp";
			};
			name = Release;
		};
		58413D602CC5233200D2ADF1 /* Debug */ = {
			isa = XCBuildConfiguration;
			buildSettings = {
				ALWAYS_EMBED_SWIFT_STANDARD_LIBRARIES = YES;
				CODE_SIGN_STYLE = Automatic;
				CURRENT_PROJECT_VERSION = 1;
				GENERATE_INFOPLIST_FILE = YES;
				MARKETING_VERSION = 1.0;
				PRODUCT_BUNDLE_IDENTIFIER = smayah.JournalAppUITests;
				PRODUCT_NAME = "$(TARGET_NAME)";
				SWIFT_EMIT_LOC_STRINGS = NO;
				SWIFT_VERSION = 5.0;
				TARGETED_DEVICE_FAMILY = "1,2";
				TEST_TARGET_NAME = JournalApp;
			};
			name = Debug;
		};
		58413D612CC5233200D2ADF1 /* Release */ = {
			isa = XCBuildConfiguration;
			buildSettings = {
				ALWAYS_EMBED_SWIFT_STANDARD_LIBRARIES = YES;
				CODE_SIGN_STYLE = Automatic;
				CURRENT_PROJECT_VERSION = 1;
				GENERATE_INFOPLIST_FILE = YES;
				MARKETING_VERSION = 1.0;
				PRODUCT_BUNDLE_IDENTIFIER = smayah.JournalAppUITests;
				PRODUCT_NAME = "$(TARGET_NAME)";
				SWIFT_EMIT_LOC_STRINGS = NO;
				SWIFT_VERSION = 5.0;
				TARGETED_DEVICE_FAMILY = "1,2";
				TEST_TARGET_NAME = JournalApp;
			};
			name = Release;
		};
/* End XCBuildConfiguration section */

/* Begin XCConfigurationList section */
		58413D302CC5232800D2ADF1 /* Build configuration list for PBXProject "JournalApp" */ = {
			isa = XCConfigurationList;
			buildConfigurations = (
				58413D572CC5233200D2ADF1 /* Debug */,
				58413D582CC5233200D2ADF1 /* Release */,
			);
			defaultConfigurationIsVisible = 0;
			defaultConfigurationName = Release;
		};
		58413D592CC5233200D2ADF1 /* Build configuration list for PBXNativeTarget "JournalApp" */ = {
			isa = XCConfigurationList;
			buildConfigurations = (
				58413D5A2CC5233200D2ADF1 /* Debug */,
				58413D5B2CC5233200D2ADF1 /* Release */,
			);
			defaultConfigurationIsVisible = 0;
			defaultConfigurationName = Release;
		};
		58413D5C2CC5233200D2ADF1 /* Build configuration list for PBXNativeTarget "JournalAppTests" */ = {
			isa = XCConfigurationList;
			buildConfigurations = (
				58413D5D2CC5233200D2ADF1 /* Debug */,
				58413D5E2CC5233200D2ADF1 /* Release */,
			);
			defaultConfigurationIsVisible = 0;
			defaultConfigurationName = Release;
		};
		58413D5F2CC5233200D2ADF1 /* Build configuration list for PBXNativeTarget "JournalAppUITests" */ = {
			isa = XCConfigurationList;
			buildConfigurations = (
				58413D602CC5233200D2ADF1 /* Debug */,
				58413D612CC5233200D2ADF1 /* Release */,
			);
			defaultConfigurationIsVisible = 0;
			defaultConfigurationName = Release;
		};
/* End XCConfigurationList section */
	};
	rootObject = 58413D2D2CC5232800D2ADF1 /* Project object */;
}
